
Microsoft Visual Studio Solution File, Format Version 12.00
# Visual Studio Version 17
VisualStudioVersion = 17.3.32825.248
MinimumVisualStudioVersion = 10.0.40219.1
Project("{FAE04EC0-301F-11D3-BF4B-00C04F79EFBC}") = "MovieTheater", "MovieTheater\MovieTheater.csproj", "{47958BE7-099C-47B7-AA7A-59B9F2BC0A65}"
EndProject
Global
	GlobalSection(SolutionConfigurationPlatforms) = preSolution
		Debug|Any CPU = Debug|Any CPU
		Release|Any CPU = Release|Any CPU
	EndGlobalSection
	GlobalSection(ProjectConfigurationPlatforms) = postSolution
		{47958BE7-099C-47B7-AA7A-59B9F2BC0A65}.Debug|Any CPU.ActiveCfg = Debug|Any CPU
		{47958BE7-099C-47B7-AA7A-59B9F2BC0A65}.Debug|Any CPU.Build.0 = Debug|Any CPU
		{47958BE7-099C-47B7-AA7A-59B9F2BC0A65}.Release|Any CPU.ActiveCfg = Release|Any CPU
		{47958BE7-099C-47B7-AA7A-59B9F2BC0A65}.Release|Any CPU.Build.0 = Release|Any CPU
	EndGlobalSection
	GlobalSection(SolutionProperties) = preSolution
		HideSolutionNode = FALSE
	EndGlobalSection
	GlobalSection(ExtensibilityGlobals) = postSolution
		SolutionGuid = {1C8C42A9-0168-4231-868F-4359A0C1E23B}
	EndGlobalSection
EndGlobal
